<Solution>
  <Folder Name="/src/">
    <Project Path="src/HomelabDoctor.Checks.Dns/HomelabDoctor.Checks.Dns.csproj" />
    <Project Path="src/HomelabDoctor.Checks.Docker/HomelabDoctor.Checks.Docker.csproj" />
    <Project Path="src/HomelabDoctor.Checks.Traefik/HomelabDoctor.Checks.Traefik.csproj" />
    <Project Path="src/HomelabDoctor.Cli/HomelabDoctor.Cli.csproj" />
    <Project Path="src/HomelabDoctor.Core/HomelabDoctor.Core.csproj" />
    <Project Path="src/HomelabDoctor.Reporting/HomelabDoctor.Reporting.csproj" />
  </Folder>
  <Folder Name="/tests/">
    <Project Path="tests/HomelabDoctor.Checks.Dns.Tests/HomelabDoctor.Checks.Dns.Tests.csproj" />
    <Project Path="tests/HomelabDoctor.Checks.Docker.Tests/HomelabDoctor.Checks.Docker.Tests.csproj" />
    <Project Path="tests/HomelabDoctor.Checks.Traefik.Tests/HomelabDoctor.Checks.Traefik.Tests.csproj" />
    <Project Path="tests/HomelabDoctor.Core.Tests/HomelabDoctor.Core.Tests.csproj" />
  </Folder>
</Solution>
